
Microsoft Visual Studio Solution File, Format Version 12.00
# Visual Studio Version 17
VisualStudioVersion = 17.2.32630.192
MinimumVisualStudioVersion = 10.0.40219.1
Project("{FAE04EC0-301F-11D3-BF4B-00C04F79EFBC}") = "Rendezvous", "Rendezvous\Rendezvous.csproj", "{97D62F35-ABD2-42B3-9D3E-A4447B7DC563}"
EndProject
Global
	GlobalSection(SolutionConfigurationPlatforms) = preSolution
		Debug|Any CPU = Debug|Any CPU
		Release|Any CPU = Release|Any CPU
	EndGlobalSection
	GlobalSection(ProjectConfigurationPlatforms) = postSolution
		{97D62F35-ABD2-42B3-9D3E-A4447B7DC563}.Debug|Any CPU.ActiveCfg = Debug|Any CPU
		{97D62F35-ABD2-42B3-9D3E-A4447B7DC563}.Debug|Any CPU.Build.0 = Debug|Any CPU
		{97D62F35-ABD2-42B3-9D3E-A4447B7DC563}.Release|Any CPU.ActiveCfg = Release|Any CPU
		{97D62F35-ABD2-42B3-9D3E-A4447B7DC563}.Release|Any CPU.Build.0 = Release|Any CPU
	EndGlobalSection
	GlobalSection(SolutionProperties) = preSolution
		HideSolutionNode = FALSE
	EndGlobalSection
	GlobalSection(ExtensibilityGlobals) = postSolution
		SolutionGuid = {6D6FE5CD-9089-4D4B-847D-ADA113FF1B04}
	EndGlobalSection
EndGlobal
